// !$*UTF8*$!
{
	archiveVersion = 1;
	classes = {
	};
	objectVersion = 46;
	objects = {

/* Begin PBXBuildFile section */
		11F7814F16A595AB00290EA5 /* UIKit.framework in Frameworks */ = {isa = PBXBuildFile; fileRef = 11F7814E16A595AB00290EA5 /* UIKit.framework */; };
		11F7815116A595AB00290EA5 /* Foundation.framework in Frameworks */ = {isa = PBXBuildFile; fileRef = 11F7815016A595AB00290EA5 /* Foundation.framework */; };
		11F7815316A595AB00290EA5 /* CoreGraphics.framework in Frameworks */ = {isa = PBXBuildFile; fileRef = 11F7815216A595AB00290EA5 /* CoreGraphics.framework */; };
		11F7815916A595AB00290EA5 /* InfoPlist.strings in Resources */ = {isa = PBXBuildFile; fileRef = 11F7815716A595AB00290EA5 /* InfoPlist.strings */; };
		11F7815B16A595AB00290EA5 /* main.m in Sources */ = {isa = PBXBuildFile; fileRef = 11F7815A16A595AB00290EA5 /* main.m */; };
		11F7815F16A595AB00290EA5 /* BIDAppDelegate.m in Sources */ = {isa = PBXBuildFile; fileRef = 11F7815E16A595AB00290EA5 /* BIDAppDelegate.m */; };
		11F7816116A595AB00290EA5 /* Default.png in Resources */ = {isa = PBXBuildFile; fileRef = 11F7816016A595AB00290EA5 /* Default.png */; };
		11F7816316A595AB00290EA5 /* Default@2x.png in Resources */ = {isa = PBXBuildFile; fileRef = 11F7816216A595AB00290EA5 /* Default@2x.png */; };
		11F7816516A595AB00290EA5 /* Default-568h@2x.png in Resources */ = {isa = PBXBuildFile; fileRef = 11F7816416A595AB00290EA5 /* Default-568h@2x.png */; };
		11F7816816A595AB00290EA5 /* BIDViewController.m in Sources */ = {isa = PBXBuildFile; fileRef = 11F7816716A595AB00290EA5 /* BIDViewController.m */; };
		11F7816B16A595AB00290EA5 /* BIDViewController.xib in Resources */ = {isa = PBXBuildFile; fileRef = 11F7816916A595AB00290EA5 /* BIDViewController.xib */; };
		11F7817216A595C400290EA5 /* CoreLocation.framework in Frameworks */ = {isa = PBXBuildFile; fileRef = 11F7817116A595C400290EA5 /* CoreLocation.framework */; };
		11F7817416A595D400290EA5 /* MapKit.framework in Frameworks */ = {isa = PBXBuildFile; fileRef = 11F7817316A595D400290EA5 /* MapKit.framework */; };
		11F7817716A5973A00290EA5 /* BIDMapViewController.m in Sources */ = {isa = PBXBuildFile; fileRef = 11F7817616A5973A00290EA5 /* BIDMapViewController.m */; };
		11F7818216A5979400290EA5 /* BasicMapAnnotation.m in Sources */ = {isa = PBXBuildFile; fileRef = 11F7817A16A5979400290EA5 /* BasicMapAnnotation.m */; };
		11F7818316A5979400290EA5 /* CallOutAnnotationView.m in Sources */ = {isa = PBXBuildFile; fileRef = 11F7817C16A5979400290EA5 /* CallOutAnnotationView.m */; };
		11F7818416A5979400290EA5 /* CalloutMapAnnotation.m in Sources */ = {isa = PBXBuildFile; fileRef = 11F7817E16A5979400290EA5 /* CalloutMapAnnotation.m */; };
		11F7818516A5979400290EA5 /* JingDianMapCell.m in Sources */ = {isa = PBXBuildFile; fileRef = 11F7818016A5979400290EA5 /* JingDianMapCell.m */; };
		11F7818616A5979400290EA5 /* JingDianMapCell.xib in Resources */ = {isa = PBXBuildFile; fileRef = 11F7818116A5979400290EA5 /* JingDianMapCell.xib */; };
		11F7818816A5994900290EA5 /* BIDMapViewController.xib in Resources */ = {isa = PBXBuildFile; fileRef = 11F7818716A5994900290EA5 /* BIDMapViewController.xib */; };
		11F7818C16A5AB9C00290EA5 /* MuddDetail.jpeg in Resources */ = {isa = PBXBuildFile; fileRef = 11F7818A16A5AB9C00290EA5 /* MuddDetail.jpeg */; };
		11F7818D16A5AB9C00290EA5 /* pin.png in Resources */ = {isa = PBXBuildFile; fileRef = 11F7818B16A5AB9C00290EA5 /* pin.png */; };
/* End PBXBuildFile section */

/* Begin PBXFileReference section */
		11F7814A16A595AB00290EA5 /* PROJ20130115.app */ = {isa = PBXFileReference; explicitFileType = wrapper.application; includeInIndex = 0; path = PROJ20130115.app; sourceTree = BUILT_PRODUCTS_DIR; };
		11F7814E16A595AB00290EA5 /* UIKit.framework */ = {isa = PBXFileReference; lastKnownFileType = wrapper.framework; name = UIKit.framework; path = System/Library/Frameworks/UIKit.framework; sourceTree = SDKROOT; };
		11F7815016A595AB00290EA5 /* Foundation.framework */ = {isa = PBXFileReference; lastKnownFileType = wrapper.framework; name = Foundation.framework; path = System/Library/Frameworks/Foundation.framework; sourceTree = SDKROOT; };
		11F7815216A595AB00290EA5 /* CoreGraphics.framework */ = {isa = PBXFileReference; lastKnownFileType = wrapper.framework; name = CoreGraphics.framework; path = System/Library/Frameworks/CoreGraphics.framework; sourceTree = SDKROOT; };
		11F7815616A595AB00290EA5 /* PROJ20130115-Info.plist */ = {isa = PBXFileReference; lastKnownFileType = text.plist.xml; path = "PROJ20130115-Info.plist"; sourceTree = "<group>"; };
		11F7815816A595AB00290EA5 /* en */ = {isa = PBXFileReference; lastKnownFileType = text.plist.strings; name = en; path = en.lproj/InfoPlist.strings; sourceTree = "<group>"; };
		11F7815A16A595AB00290EA5 /* main.m */ = {isa = PBXFileReference; lastKnownFileType = sourcecode.c.objc; path = main.m; sourceTree = "<group>"; };
		11F7815C16A595AB00290EA5 /* PROJ20130115-Prefix.pch */ = {isa = PBXFileReference; lastKnownFileType = sourcecode.c.h; path = "PROJ20130115-Prefix.pch"; sourceTree = "<group>"; };
		11F7815D16A595AB00290EA5 /* BIDAppDelegate.h */ = {isa = PBXFileReference; lastKnownFileType = sourcecode.c.h; path = BIDAppDelegate.h; sourceTree = "<group>"; };
		11F7815E16A595AB00290EA5 /* BIDAppDelegate.m */ = {isa = PBXFileReference; lastKnownFileType = sourcecode.c.objc; path = BIDAppDelegate.m; sourceTree = "<group>"; };
		11F7816016A595AB00290EA5 /* Default.png */ = {isa = PBXFileReference; lastKnownFileType = image.png; path = Default.png; sourceTree = "<group>"; };
		11F7816216A595AB00290EA5 /* Default@2x.png */ = {isa = PBXFileReference; lastKnownFileType = image.png; path = "Default@2x.png"; sourceTree = "<group>"; };
		11F7816416A595AB00290EA5 /* Default-568h@2x.png */ = {isa = PBXFileReference; lastKnownFileType = image.png; path = "Default-568h@2x.png"; sourceTree = "<group>"; };
		11F7816616A595AB00290EA5 /* BIDViewController.h */ = {isa = PBXFileReference; lastKnownFileType = sourcecode.c.h; path = BIDViewController.h; sourceTree = "<group>"; };
		11F7816716A595AB00290EA5 /* BIDViewController.m */ = {isa = PBXFileReference; lastKnownFileType = sourcecode.c.objc; path = BIDViewController.m; sourceTree = "<group>"; };
		11F7816A16A595AB00290EA5 /* en */ = {isa = PBXFileReference; lastKnownFileType = file.xib; name = en; path = en.lproj/BIDViewController.xib; sourceTree = "<group>"; };
		11F7817116A595C400290EA5 /* CoreLocation.framework */ = {isa = PBXFileReference; lastKnownFileType = wrapper.framework; name = CoreLocation.framework; path = System/Library/Frameworks/CoreLocation.framework; sourceTree = SDKROOT; };
		11F7817316A595D400290EA5 /* MapKit.framework */ = {isa = PBXFileReference; lastKnownFileType = wrapper.framework; name = MapKit.framework; path = System/Library/Frameworks/MapKit.framework; sourceTree = SDKROOT; };
		11F7817516A5973A00290EA5 /* BIDMapViewController.h */ = {isa = PBXFileReference; fileEncoding = 4; lastKnownFileType = sourcecode.c.h; name = BIDMapViewController.h; path = ../BIDMapViewController.h; sourceTree = "<group>"; };
		11F7817616A5973A00290EA5 /* BIDMapViewController.m */ = {isa = PBXFileReference; fileEncoding = 4; lastKnownFileType = sourcecode.c.objc; name = BIDMapViewController.m; path = ../BIDMapViewController.m; sourceTree = "<group>"; };
		11F7817916A5979400290EA5 /* BasicMapAnnotation.h */ = {isa = PBXFileReference; fileEncoding = 4; lastKnownFileType = sourcecode.c.h; path = BasicMapAnnotation.h; sourceTree = "<group>"; };
		11F7817A16A5979400290EA5 /* BasicMapAnnotation.m */ = {isa = PBXFileReference; fileEncoding = 4; lastKnownFileType = sourcecode.c.objc; path = BasicMapAnnotation.m; sourceTree = "<group>"; };
		11F7817B16A5979400290EA5 /* CallOutAnnotationView.h */ = {isa = PBXFileReference; fileEncoding = 4; lastKnownFileType = sourcecode.c.h; path = CallOutAnnotationView.h; sourceTree = "<group>"; };
		11F7817C16A5979400290EA5 /* CallOutAnnotationView.m */ = {isa = PBXFileReference; fileEncoding = 4; lastKnownFileType = sourcecode.c.objc; path = CallOutAnnotationView.m; sourceTree = "<group>"; };
		11F7817D16A5979400290EA5 /* CalloutMapAnnotation.h */ = {isa = PBXFileReference; fileEncoding = 4; lastKnownFileType = sourcecode.c.h; path = CalloutMapAnnotation.h; sourceTree = "<group>"; };
		11F7817E16A5979400290EA5 /* CalloutMapAnnotation.m */ = {isa = PBXFileReference; fileEncoding = 4; lastKnownFileType = sourcecode.c.objc; path = CalloutMapAnnotation.m; sourceTree = "<group>"; };
		11F7817F16A5979400290EA5 /* JingDianMapCell.h */ = {isa = PBXFileReference; fileEncoding = 4; lastKnownFileType = sourcecode.c.h; path = JingDianMapCell.h; sourceTree = "<group>"; };
		11F7818016A5979400290EA5 /* JingDianMapCell.m */ = {isa = PBXFileReference; fileEncoding = 4; lastKnownFileType = sourcecode.c.objc; path = JingDianMapCell.m; sourceTree = "<group>"; };
		11F7818116A5979400290EA5 /* JingDianMapCell.xib */ = {isa = PBXFileReference; fileEncoding = 4; lastKnownFileType = file.xib; path = JingDianMapCell.xib; sourceTree = "<group>"; };
		11F7818716A5994900290EA5 /* BIDMapViewController.xib */ = {isa = PBXFileReference; fileEncoding = 4; lastKnownFileType = file.xib; name = BIDMapViewController.xib; path = ../BIDMapViewController.xib; sourceTree = "<group>"; };
		11F7818A16A5AB9C00290EA5 /* MuddDetail.jpeg */ = {isa = PBXFileReference; lastKnownFileType = image.jpeg; path = MuddDetail.jpeg; sourceTree = "<group>"; };
		11F7818B16A5AB9C00290EA5 /* pin.png */ = {isa = PBXFileReference; lastKnownFileType = image.png; path = pin.png; sourceTree = "<group>"; };
/* End PBXFileReference section */

/* Begin PBXFrameworksBuildPhase section */
		11F7814716A595AB00290EA5 /* Frameworks */ = {
			isa = PBXFrameworksBuildPhase;
			buildActionMask = 2147483647;
			files = (
				11F7817416A595D400290EA5 /* MapKit.framework in Frameworks */,
				11F7817216A595C400290EA5 /* CoreLocation.framework in Frameworks */,
				11F7814F16A595AB00290EA5 /* UIKit.framework in Frameworks */,
				11F7815116A595AB00290EA5 /* Foundation.framework in Frameworks */,
				11F7815316A595AB00290EA5 /* CoreGraphics.framework in Frameworks */,
			);
			runOnlyForDeploymentPostprocessing = 0;
		};
/* End PBXFrameworksBuildPhase section */

/* Begin PBXGroup section */
		11F7813F16A595AB00290EA5 = {
			isa = PBXGroup;
			children = (
				11F7815416A595AB00290EA5 /* PROJ20130115 */,
				11F7814D16A595AB00290EA5 /* Frameworks */,
				11F7814B16A595AB00290EA5 /* Products */,
			);
			sourceTree = "<group>";
		};
		11F7814B16A595AB00290EA5 /* Products */ = {
			isa = PBXGroup;
			children = (
				11F7814A16A595AB00290EA5 /* PROJ20130115.app */,
			);
			name = Products;
			sourceTree = "<group>";
		};
		11F7814D16A595AB00290EA5 /* Frameworks */ = {
			isa = PBXGroup;
			children = (
				11F7817316A595D400290EA5 /* MapKit.framework */,
				11F7817116A595C400290EA5 /* CoreLocation.framework */,
				11F7814E16A595AB00290EA5 /* UIKit.framework */,
				11F7815016A595AB00290EA5 /* Foundation.framework */,
				11F7815216A595AB00290EA5 /* CoreGraphics.framework */,
			);
			name = Frameworks;
			sourceTree = "<group>";
		};
		11F7815416A595AB00290EA5 /* PROJ20130115 */ = {
			isa = PBXGroup;
			children = (
				11F7815D16A595AB00290EA5 /* BIDAppDelegate.h */,
				11F7815E16A595AB00290EA5 /* BIDAppDelegate.m */,
				11F7816616A595AB00290EA5 /* BIDViewController.h */,
				11F7816716A595AB00290EA5 /* BIDViewController.m */,
				11F7816916A595AB00290EA5 /* BIDViewController.xib */,
				11F7817516A5973A00290EA5 /* BIDMapViewController.h */,
				11F7817616A5973A00290EA5 /* BIDMapViewController.m */,
				11F7818716A5994900290EA5 /* BIDMapViewController.xib */,
				11F7815516A595AB00290EA5 /* Supporting Files */,
			);
			path = PROJ20130115;
			sourceTree = "<group>";
		};
		11F7815516A595AB00290EA5 /* Supporting Files */ = {
			isa = PBXGroup;
			children = (
				11F7818916A5AB9C00290EA5 /* Image */,
				11F7817816A5979400290EA5 /* CustomMapCalloutView */,
				11F7815616A595AB00290EA5 /* PROJ20130115-Info.plist */,
				11F7815716A595AB00290EA5 /* InfoPlist.strings */,
				11F7815A16A595AB00290EA5 /* main.m */,
				11F7815C16A595AB00290EA5 /* PROJ20130115-Prefix.pch */,
				11F7816016A595AB00290EA5 /* Default.png */,
				11F7816216A595AB00290EA5 /* Default@2x.png */,
				11F7816416A595AB00290EA5 /* Default-568h@2x.png */,
			);
			name = "Supporting Files";
			sourceTree = "<group>";
		};
		11F7817816A5979400290EA5 /* CustomMapCalloutView */ = {
			isa = PBXGroup;
			children = (
				11F7817916A5979400290EA5 /* BasicMapAnnotation.h */,
				11F7817A16A5979400290EA5 /* BasicMapAnnotation.m */,
				11F7817B16A5979400290EA5 /* CallOutAnnotationView.h */,
				11F7817C16A5979400290EA5 /* CallOutAnnotationView.m */,
				11F7817D16A5979400290EA5 /* CalloutMapAnnotation.h */,
				11F7817E16A5979400290EA5 /* CalloutMapAnnotation.m */,
				11F7817F16A5979400290EA5 /* JingDianMapCell.h */,
				11F7818016A5979400290EA5 /* JingDianMapCell.m */,
				11F7818116A5979400290EA5 /* JingDianMapCell.xib */,
			);
			name = CustomMapCalloutView;
			path = ../CustomMapCalloutView;
			sourceTree = "<group>";
		};
		11F7818916A5AB9C00290EA5 /* Image */ = {
			isa = PBXGroup;
			children = (
				11F7818A16A5AB9C00290EA5 /* MuddDetail.jpeg */,
				11F7818B16A5AB9C00290EA5 /* pin.png */,
			);
			path = Image;
			sourceTree = "<group>";
		};
/* End PBXGroup section */

/* Begin PBXNativeTarget section */
		11F7814916A595AB00290EA5 /* PROJ20130115 */ = {
			isa = PBXNativeTarget;
			buildConfigurationList = 11F7816E16A595AB00290EA5 /* Build configuration list for PBXNativeTarget "PROJ20130115" */;
			buildPhases = (
				11F7814616A595AB00290EA5 /* Sources */,
				11F7814716A595AB00290EA5 /* Frameworks */,
				11F7814816A595AB00290EA5 /* Resources */,
			);
			buildRules = (
			);
			dependencies = (
			);
			name = PROJ20130115;
			productName = PROJ20130115;
			productReference = 11F7814A16A595AB00290EA5 /* PROJ20130115.app */;
			productType = "com.apple.product-type.application";
		};
/* End PBXNativeTarget section */

/* Begin PBXProject section */
		11F7814116A595AB00290EA5 /* Project object */ = {
			isa = PBXProject;
			attributes = {
				CLASSPREFIX = BID;
				LastUpgradeCheck = 0450;
				ORGANIZATIONNAME = liweihua;
			};
			buildConfigurationList = 11F7814416A595AB00290EA5 /* Build configuration list for PBXProject "PROJ20130115" */;
			compatibilityVersion = "Xcode 3.2";
			developmentRegion = English;
			hasScannedForEncodings = 0;
			knownRegions = (
				en,
			);
			mainGroup = 11F7813F16A595AB00290EA5;
			productRefGroup = 11F7814B16A595AB00290EA5 /* Products */;
			projectDirPath = "";
			projectRoot = "";
			targets = (
				11F7814916A595AB00290EA5 /* PROJ20130115 */,
			);
		};
/* End PBXProject section */

/* Begin PBXResourcesBuildPhase section */
		11F7814816A595AB00290EA5 /* Resources */ = {
			isa = PBXResourcesBuildPhase;
			buildActionMask = 2147483647;
			files = (
				11F7815916A595AB00290EA5 /* InfoPlist.strings in Resources */,
				11F7816116A595AB00290EA5 /* Default.png in Resources */,
				11F7816316A595AB00290EA5 /* Default@2x.png in Resources */,
				11F7816516A595AB00290EA5 /* Default-568h@2x.png in Resources */,
				11F7816B16A595AB00290EA5 /* BIDViewController.xib in Resources */,
				11F7818616A5979400290EA5 /* JingDianMapCell.xib in Resources */,
				11F7818816A5994900290EA5 /* BIDMapViewController.xib in Resources */,
				11F7818C16A5AB9C00290EA5 /* MuddDetail.jpeg in Resources */,
				11F7818D16A5AB9C00290EA5 /* pin.png in Resources */,
			);
			runOnlyForDeploymentPostprocessing = 0;
		};
/* End PBXResourcesBuildPhase section */

/* Begin PBXSourcesBuildPhase section */
		11F7814616A595AB00290EA5 /* Sources */ = {
			isa = PBXSourcesBuildPhase;
			buildActionMask = 2147483647;
			files = (
				11F7815B16A595AB00290EA5 /* main.m in Sources */,
				11F7815F16A595AB00290EA5 /* BIDAppDelegate.m in Sources */,
				11F7816816A595AB00290EA5 /* BIDViewController.m in Sources */,
				11F7817716A5973A00290EA5 /* BIDMapViewController.m in Sources */,
				11F7818216A5979400290EA5 /* BasicMapAnnotation.m in Sources */,
				11F7818316A5979400290EA5 /* CallOutAnnotationView.m in Sources */,
				11F7818416A5979400290EA5 /* CalloutMapAnnotation.m in Sources */,
				11F7818516A5979400290EA5 /* JingDianMapCell.m in Sources */,
			);
			runOnlyForDeploymentPostprocessing = 0;
		};
/* End PBXSourcesBuildPhase section */

/* Begin PBXVariantGroup section */
		11F7815716A595AB00290EA5 /* InfoPlist.strings */ = {
			isa = PBXVariantGroup;
			children = (
				11F7815816A595AB00290EA5 /* en */,
			);
			name = InfoPlist.strings;
			sourceTree = "<group>";
		};
		11F7816916A595AB00290EA5 /* BIDViewController.xib */ = {
			isa = PBXVariantGroup;
			children = (
				11F7816A16A595AB00290EA5 /* en */,
			);
			name = BIDViewController.xib;
			sourceTree = "<group>";
		};
/* End PBXVariantGroup section */

/* Begin XCBuildConfiguration section */
		11F7816C16A595AB00290EA5 /* Debug */ = {
			isa = XCBuildConfiguration;
			buildSettings = {
				ALWAYS_SEARCH_USER_PATHS = NO;
				CLANG_CXX_LANGUAGE_STANDARD = "gnu++0x";
				CLANG_CXX_LIBRARY = "libc++";
				CLANG_WARN_EMPTY_BODY = YES;
				CLANG_WARN__DUPLICATE_METHOD_MATCH = YES;
				"CODE_SIGN_IDENTITY[sdk=iphoneos*]" = "iPhone Developer";
				COPY_PHASE_STRIP = NO;
				GCC_C_LANGUAGE_STANDARD = gnu99;
				GCC_DYNAMIC_NO_PIC = NO;
				GCC_OPTIMIZATION_LEVEL = 0;
				GCC_PREPROCESSOR_DEFINITIONS = (
					"DEBUG=1",
					"$(inherited)",
				);
				GCC_SYMBOLS_PRIVATE_EXTERN = NO;
				GCC_WARN_ABOUT_RETURN_TYPE = YES;
				GCC_WARN_UNINITIALIZED_AUTOS = YES;
				GCC_WARN_UNUSED_VARIABLE = YES;
				IPHONEOS_DEPLOYMENT_TARGET = 6.0;
				ONLY_ACTIVE_ARCH = YES;
				SDKROOT = iphoneos;
			};
			name = Debug;
		};
		11F7816D16A595AB00290EA5 /* Release */ = {
			isa = XCBuildConfiguration;
			buildSettings = {
				ALWAYS_SEARCH_USER_PATHS = NO;
				CLANG_CXX_LANGUAGE_STANDARD = "gnu++0x";
				CLANG_CXX_LIBRARY = "libc++";
				CLANG_WARN_EMPTY_BODY = YES;
				CLANG_WARN__DUPLICATE_METHOD_MATCH = YES;
				"CODE_SIGN_IDENTITY[sdk=iphoneos*]" = "iPhone Developer";
				COPY_PHASE_STRIP = YES;
				GCC_C_LANGUAGE_STANDARD = gnu99;
				GCC_WARN_ABOUT_RETURN_TYPE = YES;
				GCC_WARN_UNINITIALIZED_AUTOS = YES;
				GCC_WARN_UNUSED_VARIABLE = YES;
				IPHONEOS_DEPLOYMENT_TARGET = 6.0;
				OTHER_CFLAGS = "-DNS_BLOCK_ASSERTIONS=1";
				SDKROOT = iphoneos;
				VALIDATE_PRODUCT = YES;
			};
			name = Release;
		};
		11F7816F16A595AB00290EA5 /* Debug */ = {
			isa = XCBuildConfiguration;
			buildSettings = {
				GCC_PRECOMPILE_PREFIX_HEADER = YES;
				GCC_PREFIX_HEADER = "PROJ20130115/PROJ20130115-Prefix.pch";
				INFOPLIST_FILE = "PROJ20130115/PROJ20130115-Info.plist";
				PRODUCT_NAME = "$(TARGET_NAME)";
				WRAPPER_EXTENSION = app;
			};
			name = Debug;
		};
		11F7817016A595AB00290EA5 /* Release */ = {
			isa = XCBuildConfiguration;
			buildSettings = {
				GCC_PRECOMPILE_PREFIX_HEADER = YES;
				GCC_PREFIX_HEADER = "PROJ20130115/PROJ20130115-Prefix.pch";
				INFOPLIST_FILE = "PROJ20130115/PROJ20130115-Info.plist";
				PRODUCT_NAME = "$(TARGET_NAME)";
				WRAPPER_EXTENSION = app;
			};
			name = Release;
		};
/* End XCBuildConfiguration section */

/* Begin XCConfigurationList section */
		11F7814416A595AB00290EA5 /* Build configuration list for PBXProject "PROJ20130115" */ = {
			isa = XCConfigurationList;
			buildConfigurations = (
				11F7816C16A595AB00290EA5 /* Debug */,
				11F7816D16A595AB00290EA5 /* Release */,
			);
			defaultConfigurationIsVisible = 0;
			defaultConfigurationName = Release;
		};
		11F7816E16A595AB00290EA5 /* Build configuration list for PBXNativeTarget "PROJ20130115" */ = {
			isa = XCConfigurationList;
			buildConfigurations = (
				11F7816F16A595AB00290EA5 /* Debug */,
				11F7817016A595AB00290EA5 /* Release */,
			);
			defaultConfigurationIsVisible = 0;
		};
/* End XCConfigurationList section */
	};
	rootObject = 11F7814116A595AB00290EA5 /* Project object */;
}
